Microsoft Visual Studio Solution File, Format Version 8.00
Project("{8BC9CEB8-8B4A-11D0-8D11-00A0C91BC942}") = "msvc-2003-xbox1", "msvc-2003-xbox1/msvc-2003-xbox1.vcproj", "{FAB7B0EE-4915-4CBA-A673-DDEF9B89F168}"
	ProjectSection(ProjectDependencies) = postProject
	EndProjectSection
EndProject
Global
	GlobalSection(SolutionConfiguration) = preSolution
		Debug = Debug
		Profile = Profile
		Profile_FastCap = Profile_FastCap
		Release = Release
		Release_LTCG = Release_LTCG
	EndGlobalSection
	GlobalSection(ProjectConfiguration) = postSolution
		{FAB7B0EE-4915-4CBA-A673-DDEF9B89F168}.Debug.ActiveCfg = Debug|Xbox
		{FAB7B0EE-4915-4CBA-A673-DDEF9B89F168}.Debug.Build.0 = Debug|Xbox
		{FAB7B0EE-4915-4CBA-A673-DDEF9B89F168}.Profile.ActiveCfg = Profile|Xbox
		{FAB7B0EE-4915-4CBA-A673-DDEF9B89F168}.Profile.Build.0 = Profile|Xbox
		{FAB7B0EE-4915-4CBA-A673-DDEF9B89F168}.Profile_FastCap.ActiveCfg = Profile_FastCap|Xbox
		{FAB7B0EE-4915-4CBA-A673-DDEF9B89F168}.Profile_FastCap.Build.0 = Profile_FastCap|Xbox
		{FAB7B0EE-4915-4CBA-A673-DDEF9B89F168}.Release.ActiveCfg = Release|Xbox
		{FAB7B0EE-4915-4CBA-A673-DDEF9B89F168}.Release.Build.0 = Release|Xbox
		{FAB7B0EE-4915-4CBA-A673-DDEF9B89F168}.Release_LTCG.ActiveCfg = Release_LTCG|Xbox
		{FAB7B0EE-4915-4CBA-A673-DDEF9B89F168}.Release_LTCG.Build.0 = Release_LTCG|Xbox
	EndGlobalSection
	GlobalSection(ExtensibilityGlobals) = postSolution
	EndGlobalSection
	GlobalSection(ExtensibilityAddIns) = postSolution
	EndGlobalSection
EndGlobal
